PODS:
  - AFNetworking (3.1.0):
    - AFNetworking/NSURLSession (= 3.1.0)
    - AFNetworking/Reachability (= 3.1.0)
    - AFNetworking/Security (= 3.1.0)
    - AFNetworking/Serialization (= 3.1.0)
    - AFNetworking/UIKit (= 3.1.0)
  - AFNetworking/NSURLSession (3.1.0):
    - AFNetworking/Reachability
    - AFNetworking/Security
    - AFNetworking/Serialization
  - AFNetworking/Reachability (3.1.0)
  - AFNetworking/Security (3.1.0)
  - AFNetworking/Serialization (3.1.0)
  - AFNetworking/UIKit (3.1.0):
    - AFNetworking/NSURLSession
  - FLAnimatedImage (1.0.12)
  - Realm (2.4.2):
    - Realm/Headers (= 2.4.2)
  - Realm/Headers (2.4.2)
  - SDWebImage (4.0.0):
    - SDWebImage/Core (= 4.0.0)
  - SDWebImage/Core (4.0.0)
  - WMPageController (2.2.1)

DEPENDENCIES:
  - AFNetworking (~> 3.1)
  - FLAnimatedImage (~> 1.0)
  - Realm (~> 2.4)
  - SDWebImage (~> 4.0)
  - WMPageController (~> 2.2)

SPEC CHECKSUMS:
  AFNetworking: 5e0e199f73d8626b11e79750991f5d173d1f8b67
  FLAnimatedImage: 4a0b56255d9b05f18b6dd7ee06871be5d3b89e31
  Realm: d27b758e12d62a3371879a065d4c40aa212c5a54
  SDWebImage: 76a6348bdc74eb5a55dd08a091ef298e56b55e41
  WMPageController: 181bcc9b1fb7c9c3466bff66012552953a547d28

PODFILE CHECKSUM: b94bd3da0f880d56737bdad2a00d2719913d0bb3

COCOAPODS: 1.2.0
