// !$*UTF8*$!
{
	archiveVersion = 1;
	classes = {
	};
	objectVersion = 46;
	objects = {

/* Begin PBXBuildFile section */
		2509DB871E51EDDE00DF053B /* Assets.xcassets in Resources */ = {isa = PBXBuildFile; fileRef = 2509DB861E51EDDE00DF053B /* Assets.xcassets */; };
		2578DD4F1E5D8CC300737680 /* CustomAvatar.m in Sources */ = {isa = PBXBuildFile; fileRef = 2578DD4C1E5D8CC300737680 /* CustomAvatar.m */; };
		2578DD501E5D8CC300737680 /* GIFSegmentedControl.m in Sources */ = {isa = PBXBuildFile; fileRef = 2578DD4E1E5D8CC300737680 /* GIFSegmentedControl.m */; };
		2578DD551E5D8D4100737680 /* NSString+SplitString.m in Sources */ = {isa = PBXBuildFile; fileRef = 2578DD521E5D8D4100737680 /* NSString+SplitString.m */; };
		2578DD561E5D8D4100737680 /* UIView+CircularView.m in Sources */ = {isa = PBXBuildFile; fileRef = 2578DD541E5D8D4100737680 /* UIView+CircularView.m */; };
		2578DD591E5D8D7300737680 /* GIFRealmDataManager.m in Sources */ = {isa = PBXBuildFile; fileRef = 2578DD581E5D8D7300737680 /* GIFRealmDataManager.m */; };
		2578DD5E1E5D8D9700737680 /* GIFNetworkManager.m in Sources */ = {isa = PBXBuildFile; fileRef = 2578DD5B1E5D8D9700737680 /* GIFNetworkManager.m */; };
		2578DD5F1E5D8D9700737680 /* GIFUrlSessionDataTask.m in Sources */ = {isa = PBXBuildFile; fileRef = 2578DD5D1E5D8D9700737680 /* GIFUrlSessionDataTask.m */; };
		2578DD641E5D8DD600737680 /* AFHTTPSessionManager+ApiManager.m in Sources */ = {isa = PBXBuildFile; fileRef = 2578DD611E5D8DD600737680 /* AFHTTPSessionManager+ApiManager.m */; };
		2578DD651E5D8DD600737680 /* GIFEndpoint.m in Sources */ = {isa = PBXBuildFile; fileRef = 2578DD631E5D8DD600737680 /* GIFEndpoint.m */; };
		2578DD681E5D8F3700737680 /* GIFMain.m in Sources */ = {isa = PBXBuildFile; fileRef = 2578DD671E5D8F3700737680 /* GIFMain.m */; };
		2578DD6B1E5D8F5100737680 /* GIFCell.m in Sources */ = {isa = PBXBuildFile; fileRef = 2578DD6A1E5D8F5100737680 /* GIFCell.m */; };
		2578DD6E1E5D8F6800737680 /* AppDelegate.m in Sources */ = {isa = PBXBuildFile; fileRef = 2578DD6D1E5D8F6800737680 /* AppDelegate.m */; };
		2578DD731E5D8F8F00737680 /* GIFModel.m in Sources */ = {isa = PBXBuildFile; fileRef = 2578DD701E5D8F8F00737680 /* GIFModel.m */; };
		2578DD741E5D8F8F00737680 /* GIFUserModel.m in Sources */ = {isa = PBXBuildFile; fileRef = 2578DD721E5D8F8F00737680 /* GIFUserModel.m */; };
		2578DD771E5D8FB600737680 /* Loading.gif in Resources */ = {isa = PBXBuildFile; fileRef = 2578DD751E5D8FB600737680 /* Loading.gif */; };
		2578DD781E5D8FB600737680 /* main.m in Sources */ = {isa = PBXBuildFile; fileRef = 2578DD761E5D8FB600737680 /* main.m */; };
		2578DD7A1E5D8FC200737680 /* Info.plist in Resources */ = {isa = PBXBuildFile; fileRef = 2578DD791E5D8FC200737680 /* Info.plist */; };
		2578DD7D1E5D8FE400737680 /* LaunchScreen.storyboard in Resources */ = {isa = PBXBuildFile; fileRef = 2578DD7B1E5D8FE400737680 /* LaunchScreen.storyboard */; };
		2578DD7E1E5D8FE400737680 /* Main.storyboard in Resources */ = {isa = PBXBuildFile; fileRef = 2578DD7C1E5D8FE400737680 /* Main.storyboard */; };
		CF67174B0FE121344CEE8948 /* Pods_Kinopoisk.framework in Frameworks */ = {isa = PBXBuildFile; fileRef = 731084B8C8F8DC54916D356A /* Pods_Kinopoisk.framework */; };
/* End PBXBuildFile section */

/* Begin PBXFileReference section */
		2509DB771E51EDDE00DF053B /* GIFKA.app */ = {isa = PBXFileReference; explicitFileType = wrapper.application; includeInIndex = 0; path = GIFKA.app; sourceTree = BUILT_PRODUCTS_DIR; };
		2509DB861E51EDDE00DF053B /* Assets.xcassets */ = {isa = PBXFileReference; lastKnownFileType = folder.assetcatalog; path = Assets.xcassets; sourceTree = "<group>"; };
		2578DD4B1E5D8CC300737680 /* CustomAvatar.h */ = {isa = PBXFileReference; fileEncoding = 4; lastKnownFileType = sourcecode.c.h; name = CustomAvatar.h; path = View/CustomAvatar.h; sourceTree = "<group>"; };
		2578DD4C1E5D8CC300737680 /* CustomAvatar.m */ = {isa = PBXFileReference; fileEncoding = 4; lastKnownFileType = sourcecode.c.objc; name = CustomAvatar.m; path = View/CustomAvatar.m; sourceTree = "<group>"; };
		2578DD4D1E5D8CC300737680 /* GIFSegmentedControl.h */ = {isa = PBXFileReference; fileEncoding = 4; lastKnownFileType = sourcecode.c.h; name = GIFSegmentedControl.h; path = View/GIFSegmentedControl.h; sourceTree = "<group>"; };
		2578DD4E1E5D8CC300737680 /* GIFSegmentedControl.m */ = {isa = PBXFileReference; fileEncoding = 4; lastKnownFileType = sourcecode.c.objc; name = GIFSegmentedControl.m; path = View/GIFSegmentedControl.m; sourceTree = "<group>"; };
		2578DD511E5D8D4100737680 /* NSString+SplitString.h */ = {isa = PBXFileReference; fileEncoding = 4; lastKnownFileType = sourcecode.c.h; name = "NSString+SplitString.h"; path = "Extension/NSString+SplitString.h"; sourceTree = "<group>"; };
		2578DD521E5D8D4100737680 /* NSString+SplitString.m */ = {isa = PBXFileReference; fileEncoding = 4; lastKnownFileType = sourcecode.c.objc; name = "NSString+SplitString.m"; path = "Extension/NSString+SplitString.m"; sourceTree = "<group>"; };
		2578DD531E5D8D4100737680 /* UIView+CircularView.h */ = {isa = PBXFileReference; fileEncoding = 4; lastKnownFileType = sourcecode.c.h; name = "UIView+CircularView.h"; path = "Extension/UIView+CircularView.h"; sourceTree = "<group>"; };
		2578DD541E5D8D4100737680 /* UIView+CircularView.m */ = {isa = PBXFileReference; fileEncoding = 4; lastKnownFileType = sourcecode.c.objc; name = "UIView+CircularView.m"; path = "Extension/UIView+CircularView.m"; sourceTree = "<group>"; };
		2578DD571E5D8D7300737680 /* GIFRealmDataManager.h */ = {isa = PBXFileReference; fileEncoding = 4; lastKnownFileType = sourcecode.c.h; name = GIFRealmDataManager.h; path = "Data Manager/GIFRealmDataManager.h"; sourceTree = "<group>"; };
		2578DD581E5D8D7300737680 /* GIFRealmDataManager.m */ = {isa = PBXFileReference; fileEncoding = 4; lastKnownFileType = sourcecode.c.objc; name = GIFRealmDataManager.m; path = "Data Manager/GIFRealmDataManager.m"; sourceTree = "<group>"; };
		2578DD5A1E5D8D9700737680 /* GIFNetworkManager.h */ = {isa = PBXFileReference; fileEncoding = 4; lastKnownFileType = sourcecode.c.h; name = GIFNetworkManager.h; path = Service/GIFNetworkManager.h; sourceTree = "<group>"; };
		2578DD5B1E5D8D9700737680 /* GIFNetworkManager.m */ = {isa = PBXFileReference; fileEncoding = 4; lastKnownFileType = sourcecode.c.objc; name = GIFNetworkManager.m; path = Service/GIFNetworkManager.m; sourceTree = "<group>"; };
		2578DD5C1E5D8D9700737680 /* GIFUrlSessionDataTask.h */ = {isa = PBXFileReference; fileEncoding = 4; lastKnownFileType = sourcecode.c.h; name = GIFUrlSessionDataTask.h; path = Service/GIFUrlSessionDataTask.h; sourceTree = "<group>"; };
		2578DD5D1E5D8D9700737680 /* GIFUrlSessionDataTask.m */ = {isa = PBXFileReference; fileEncoding = 4; lastKnownFileType = sourcecode.c.objc; name = GIFUrlSessionDataTask.m; path = Service/GIFUrlSessionDataTask.m; sourceTree = "<group>"; };
		2578DD601E5D8DD600737680 /* AFHTTPSessionManager+ApiManager.h */ = {isa = PBXFileReference; fileEncoding = 4; lastKnownFileType = sourcecode.c.h; name = "AFHTTPSessionManager+ApiManager.h"; path = "HTTP Manager/AFHTTPSessionManager+ApiManager.h"; sourceTree = "<group>"; };
		2578DD611E5D8DD600737680 /* AFHTTPSessionManager+ApiManager.m */ = {isa = PBXFileReference; fileEncoding = 4; lastKnownFileType = sourcecode.c.objc; name = "AFHTTPSessionManager+ApiManager.m"; path = "HTTP Manager/AFHTTPSessionManager+ApiManager.m"; sourceTree = "<group>"; };
		2578DD621E5D8DD600737680 /* GIFEndpoint.h */ = {isa = PBXFileReference; fileEncoding = 4; lastKnownFileType = sourcecode.c.h; name = GIFEndpoint.h; path = "HTTP Manager/GIFEndpoint.h"; sourceTree = "<group>"; };
		2578DD631E5D8DD600737680 /* GIFEndpoint.m */ = {isa = PBXFileReference; fileEncoding = 4; lastKnownFileType = sourcecode.c.objc; name = GIFEndpoint.m; path = "HTTP Manager/GIFEndpoint.m"; sourceTree = "<group>"; };
		2578DD661E5D8F3700737680 /* GIFMain.h */ = {isa = PBXFileReference; fileEncoding = 4; lastKnownFileType = sourcecode.c.h; name = GIFMain.h; path = Controller/GIFMain.h; sourceTree = "<group>"; };
		2578DD671E5D8F3700737680 /* GIFMain.m */ = {isa = PBXFileReference; fileEncoding = 4; lastKnownFileType = sourcecode.c.objc; name = GIFMain.m; path = Controller/GIFMain.m; sourceTree = "<group>"; };
		2578DD691E5D8F5100737680 /* GIFCell.h */ = {isa = PBXFileReference; fileEncoding = 4; lastKnownFileType = sourcecode.c.h; name = GIFCell.h; path = Cell/GIFCell.h; sourceTree = "<group>"; };
		2578DD6A1E5D8F5100737680 /* GIFCell.m */ = {isa = PBXFileReference; fileEncoding = 4; lastKnownFileType = sourcecode.c.objc; name = GIFCell.m; path = Cell/GIFCell.m; sourceTree = "<group>"; };
		2578DD6C1E5D8F6800737680 /* AppDelegate.h */ = {isa = PBXFileReference; fileEncoding = 4; lastKnownFileType = sourcecode.c.h; name = AppDelegate.h; path = "App Delegate/AppDelegate.h"; sourceTree = "<group>"; };
		2578DD6D1E5D8F6800737680 /* AppDelegate.m */ = {isa = PBXFileReference; fileEncoding = 4; lastKnownFileType = sourcecode.c.objc; name = AppDelegate.m; path = "App Delegate/AppDelegate.m"; sourceTree = "<group>"; };
		2578DD6F1E5D8F8F00737680 /* GIFModel.h */ = {isa = PBXFileReference; fileEncoding = 4; lastKnownFileType = sourcecode.c.h; name = GIFModel.h; path = Model/GIFModel.h; sourceTree = "<group>"; };
		2578DD701E5D8F8F00737680 /* GIFModel.m */ = {isa = PBXFileReference; fileEncoding = 4; lastKnownFileType = sourcecode.c.objc; name = GIFModel.m; path = Model/GIFModel.m; sourceTree = "<group>"; };
		2578DD711E5D8F8F00737680 /* GIFUserModel.h */ = {isa = PBXFileReference; fileEncoding = 4; lastKnownFileType = sourcecode.c.h; name = GIFUserModel.h; path = Model/GIFUserModel.h; sourceTree = "<group>"; };
		2578DD721E5D8F8F00737680 /* GIFUserModel.m */ = {isa = PBXFileReference; fileEncoding = 4; lastKnownFileType = sourcecode.c.objc; name = GIFUserModel.m; path = Model/GIFUserModel.m; sourceTree = "<group>"; };
		2578DD751E5D8FB600737680 /* Loading.gif */ = {isa = PBXFileReference; lastKnownFileType = image.gif; name = Loading.gif; path = "Supporting Files/Loading.gif"; sourceTree = "<group>"; };
		2578DD761E5D8FB600737680 /* main.m */ = {isa = PBXFileReference; fileEncoding = 4; lastKnownFileType = sourcecode.c.objc; name = main.m; path = "Supporting Files/main.m"; sourceTree = "<group>"; };
		2578DD791E5D8FC200737680 /* Info.plist */ = {isa = PBXFileReference; fileEncoding = 4; lastKnownFileType = text.plist.xml; name = Info.plist; path = "Supporting Files/Info.plist"; sourceTree = "<group>"; };
		2578DD7B1E5D8FE400737680 /* LaunchScreen.storyboard */ = {isa = PBXFileReference; fileEncoding = 4; lastKnownFileType = file.storyboard; name = LaunchScreen.storyboard; path = Base.lproj/Storyboard/LaunchScreen.storyboard; sourceTree = "<group>"; };
		2578DD7C1E5D8FE400737680 /* Main.storyboard */ = {isa = PBXFileReference; fileEncoding = 4; lastKnownFileType = file.storyboard; name = Main.storyboard; path = Base.lproj/Storyboard/Main.storyboard; sourceTree = "<group>"; };
		2D32CA1AC7102F43BA94DFE8 /* Pods-Kinopoisk.debug.xcconfig */ = {isa = PBXFileReference; includeInIndex = 1; lastKnownFileType = text.xcconfig; name = "Pods-Kinopoisk.debug.xcconfig"; path = "Pods/Target Support Files/Pods-Kinopoisk/Pods-Kinopoisk.debug.xcconfig"; sourceTree = "<group>"; };
		731084B8C8F8DC54916D356A /* Pods_Kinopoisk.framework */ = {isa = PBXFileReference; explicitFileType = wrapper.framework; includeInIndex = 0; path = Pods_Kinopoisk.framework; sourceTree = BUILT_PRODUCTS_DIR; };
		D23B5D59B2B1D1C67A33CCA2 /* Pods-Kinopoisk.release.xcconfig */ = {isa = PBXFileReference; includeInIndex = 1; lastKnownFileType = text.xcconfig; name = "Pods-Kinopoisk.release.xcconfig"; path = "Pods/Target Support Files/Pods-Kinopoisk/Pods-Kinopoisk.release.xcconfig"; sourceTree = "<group>"; };
/* End PBXFileReference section */

/* Begin PBXFrameworksBuildPhase section */
		2509DB741E51EDDE00DF053B /* Frameworks */ = {
			isa = PBXFrameworksBuildPhase;
			buildActionMask = 2147483647;
			files = (
				CF67174B0FE121344CEE8948 /* Pods_Kinopoisk.framework in Frameworks */,
			);
			runOnlyForDeploymentPostprocessing = 0;
		};
/* End PBXFrameworksBuildPhase section */

/* Begin PBXGroup section */
		0A653D03C169040E0E7B93D5 /* Pods */ = {
			isa = PBXGroup;
			children = (
				2D32CA1AC7102F43BA94DFE8 /* Pods-Kinopoisk.debug.xcconfig */,
				D23B5D59B2B1D1C67A33CCA2 /* Pods-Kinopoisk.release.xcconfig */,
			);
			name = Pods;
			sourceTree = "<group>";
		};
		1D2C51FDCAF8AE222CD71B66 /* Frameworks */ = {
			isa = PBXGroup;
			children = (
				731084B8C8F8DC54916D356A /* Pods_Kinopoisk.framework */,
			);
			name = Frameworks;
			sourceTree = "<group>";
		};
		2509DB6E1E51EDDE00DF053B = {
			isa = PBXGroup;
			children = (
				2509DB791E51EDDE00DF053B /* GIFKA */,
				2509DB781E51EDDE00DF053B /* Products */,
				0A653D03C169040E0E7B93D5 /* Pods */,
				1D2C51FDCAF8AE222CD71B66 /* Frameworks */,
			);
			sourceTree = "<group>";
		};
		2509DB781E51EDDE00DF053B /* Products */ = {
			isa = PBXGroup;
			children = (
				2509DB771E51EDDE00DF053B /* GIFKA.app */,
			);
			name = Products;
			sourceTree = "<group>";
		};
		2509DB791E51EDDE00DF053B /* GIFKA */ = {
			isa = PBXGroup;
			children = (
				2519176F1E547C12002784F7 /* View */,
				2519175C1E54715F002784F7 /* Extension */,
				250DB9691E53494800342946 /* Data Manager */,
				250DB9651E5333D200342946 /* Service */,
				250DB94E1E52F8E100342946 /* HTTP Manager */,
				250DB94D1E52F8B100342946 /* Storyboard */,
				250DB94C1E52F8A200342946 /* Controller */,
				250DB94B1E52F89A00342946 /* Cell */,
				250DB9491E52F87F00342946 /* App Delegate */,
				250DB9481E52F86F00342946 /* Model */,
				2509DB861E51EDDE00DF053B /* Assets.xcassets */,
				2578DD791E5D8FC200737680 /* Info.plist */,
				2509DB7A1E51EDDE00DF053B /* Supporting Files */,
			);
			name = GIFKA;
			path = Kinopoisk;
			sourceTree = "<group>";
		};
		2509DB7A1E51EDDE00DF053B /* Supporting Files */ = {
			isa = PBXGroup;
			children = (
				2578DD751E5D8FB600737680 /* Loading.gif */,
				2578DD761E5D8FB600737680 /* main.m */,
			);
			name = "Supporting Files";
			sourceTree = "<group>";
		};
		250DB9481E52F86F00342946 /* Model */ = {
			isa = PBXGroup;
			children = (
				2578DD6F1E5D8F8F00737680 /* GIFModel.h */,
				2578DD701E5D8F8F00737680 /* GIFModel.m */,
				2578DD711E5D8F8F00737680 /* GIFUserModel.h */,
				2578DD721E5D8F8F00737680 /* GIFUserModel.m */,
			);
			name = Model;
			sourceTree = "<group>";
		};
		250DB9491E52F87F00342946 /* App Delegate */ = {
			isa = PBXGroup;
			children = (
				2578DD6C1E5D8F6800737680 /* AppDelegate.h */,
				2578DD6D1E5D8F6800737680 /* AppDelegate.m */,
			);
			name = "App Delegate";
			sourceTree = "<group>";
		};
		250DB94B1E52F89A00342946 /* Cell */ = {
			isa = PBXGroup;
			children = (
				2578DD691E5D8F5100737680 /* GIFCell.h */,
				2578DD6A1E5D8F5100737680 /* GIFCell.m */,
			);
			name = Cell;
			sourceTree = "<group>";
		};
		250DB94C1E52F8A200342946 /* Controller */ = {
			isa = PBXGroup;
			children = (
				2578DD661E5D8F3700737680 /* GIFMain.h */,
				2578DD671E5D8F3700737680 /* GIFMain.m */,
			);
			name = Controller;
			sourceTree = "<group>";
		};
		250DB94D1E52F8B100342946 /* Storyboard */ = {
			isa = PBXGroup;
			children = (
				2578DD7B1E5D8FE400737680 /* LaunchScreen.storyboard */,
				2578DD7C1E5D8FE400737680 /* Main.storyboard */,
			);
			name = Storyboard;
			sourceTree = "<group>";
		};
		250DB94E1E52F8E100342946 /* HTTP Manager */ = {
			isa = PBXGroup;
			children = (
				2578DD601E5D8DD600737680 /* AFHTTPSessionManager+ApiManager.h */,
				2578DD611E5D8DD600737680 /* AFHTTPSessionManager+ApiManager.m */,
				2578DD621E5D8DD600737680 /* GIFEndpoint.h */,
				2578DD631E5D8DD600737680 /* GIFEndpoint.m */,
			);
			name = "HTTP Manager";
			sourceTree = "<group>";
		};
		250DB9651E5333D200342946 /* Service */ = {
			isa = PBXGroup;
			children = (
				2578DD5A1E5D8D9700737680 /* GIFNetworkManager.h */,
				2578DD5B1E5D8D9700737680 /* GIFNetworkManager.m */,
				2578DD5C1E5D8D9700737680 /* GIFUrlSessionDataTask.h */,
				2578DD5D1E5D8D9700737680 /* GIFUrlSessionDataTask.m */,
			);
			name = Service;
			sourceTree = "<group>";
		};
		250DB9691E53494800342946 /* Data Manager */ = {
			isa = PBXGroup;
			children = (
				2578DD571E5D8D7300737680 /* GIFRealmDataManager.h */,
				2578DD581E5D8D7300737680 /* GIFRealmDataManager.m */,
			);
			name = "Data Manager";
			sourceTree = "<group>";
		};
		2519175C1E54715F002784F7 /* Extension */ = {
			isa = PBXGroup;
			children = (
				2578DD511E5D8D4100737680 /* NSString+SplitString.h */,
				2578DD521E5D8D4100737680 /* NSString+SplitString.m */,
				2578DD531E5D8D4100737680 /* UIView+CircularView.h */,
				2578DD541E5D8D4100737680 /* UIView+CircularView.m */,
			);
			name = Extension;
			sourceTree = "<group>";
		};
		2519176F1E547C12002784F7 /* View */ = {
			isa = PBXGroup;
			children = (
				2578DD4B1E5D8CC300737680 /* CustomAvatar.h */,
				2578DD4C1E5D8CC300737680 /* CustomAvatar.m */,
				2578DD4D1E5D8CC300737680 /* GIFSegmentedControl.h */,
				2578DD4E1E5D8CC300737680 /* GIFSegmentedControl.m */,
			);
			name = View;
			sourceTree = "<group>";
		};
/* End PBXGroup section */

/* Begin PBXNativeTarget section */
		2509DB761E51EDDE00DF053B /* Kinopoisk */ = {
			isa = PBXNativeTarget;
			buildConfigurationList = 2509DB8E1E51EDDE00DF053B /* Build configuration list for PBXNativeTarget "Kinopoisk" */;
			buildPhases = (
				6B2F717B0AD502C847C814B1 /* [CP] Check Pods Manifest.lock */,
				2509DB731E51EDDE00DF053B /* Sources */,
				2509DB741E51EDDE00DF053B /* Frameworks */,
				2509DB751E51EDDE00DF053B /* Resources */,
				5D63A936FD5AEF5B13191521 /* [CP] Embed Pods Frameworks */,
				795D2F9FF2FD3FA0CBF7CAF6 /* [CP] Copy Pods Resources */,
			);
			buildRules = (
			);
			dependencies = (
			);
			name = Kinopoisk;
			productName = Kinopoisk;
			productReference = 2509DB771E51EDDE00DF053B /* GIFKA.app */;
			productType = "com.apple.product-type.application";
		};
/* End PBXNativeTarget section */

/* Begin PBXProject section */
		2509DB6F1E51EDDE00DF053B /* Project object */ = {
			isa = PBXProject;
			attributes = {
				LastUpgradeCheck = 0820;
				ORGANIZATIONNAME = "sasha ataman";
				TargetAttributes = {
					2509DB761E51EDDE00DF053B = {
						CreatedOnToolsVersion = 8.2.1;
						DevelopmentTeam = UAKSUWEB24;
						ProvisioningStyle = Automatic;
					};
				};
			};
			buildConfigurationList = 2509DB721E51EDDE00DF053B /* Build configuration list for PBXProject "GIFKA" */;
			compatibilityVersion = "Xcode 3.2";
			developmentRegion = English;
			hasScannedForEncodings = 0;
			knownRegions = (
				en,
				Base,
			);
			mainGroup = 2509DB6E1E51EDDE00DF053B;
			productRefGroup = 2509DB781E51EDDE00DF053B /* Products */;
			projectDirPath = "";
			projectRoot = "";
			targets = (
				2509DB761E51EDDE00DF053B /* Kinopoisk */,
			);
		};
/* End PBXProject section */

/* Begin PBXResourcesBuildPhase section */
		2509DB751E51EDDE00DF053B /* Resources */ = {
			isa = PBXResourcesBuildPhase;
			buildActionMask = 2147483647;
			files = (
				2578DD7E1E5D8FE400737680 /* Main.storyboard in Resources */,
				2509DB871E51EDDE00DF053B /* Assets.xcassets in Resources */,
				2578DD771E5D8FB600737680 /* Loading.gif in Resources */,
				2578DD7D1E5D8FE400737680 /* LaunchScreen.storyboard in Resources */,
				2578DD7A1E5D8FC200737680 /* Info.plist in Resources */,
			);
			runOnlyForDeploymentPostprocessing = 0;
		};
/* End PBXResourcesBuildPhase section */

/* Begin PBXShellScriptBuildPhase section */
		5D63A936FD5AEF5B13191521 /* [CP] Embed Pods Frameworks */ = {
			isa = PBXShellScriptBuildPhase;
			buildActionMask = 2147483647;
			files = (
			);
			inputPaths = (
			);
			name = "[CP] Embed Pods Frameworks";
			outputPaths = (
			);
			runOnlyForDeploymentPostprocessing = 0;
			shellPath = /bin/sh;
			shellScript = "\"${SRCROOT}/Pods/Target Support Files/Pods-Kinopoisk/Pods-Kinopoisk-frameworks.sh\"\n";
			showEnvVarsInLog = 0;
		};
		6B2F717B0AD502C847C814B1 /* [CP] Check Pods Manifest.lock */ = {
			isa = PBXShellScriptBuildPhase;
			buildActionMask = 2147483647;
			files = (
			);
			inputPaths = (
			);
			name = "[CP] Check Pods Manifest.lock";
			outputPaths = (
			);
			runOnlyForDeploymentPostprocessing = 0;
			shellPath = /bin/sh;
			shellScript = "diff \"${PODS_ROOT}/../Podfile.lock\" \"${PODS_ROOT}/Manifest.lock\" > /dev/null\nif [ $? != 0 ] ; then\n    # print error to STDERR\n    echo \"error: The sandbox is not in sync with the Podfile.lock. Run 'pod install' or update your CocoaPods installation.\" >&2\n    exit 1\nfi\n";
			showEnvVarsInLog = 0;
		};
		795D2F9FF2FD3FA0CBF7CAF6 /* [CP] Copy Pods Resources */ = {
			isa = PBXShellScriptBuildPhase;
			buildActionMask = 2147483647;
			files = (
			);
			inputPaths = (
			);
			name = "[CP] Copy Pods Resources";
			outputPaths = (
			);
			runOnlyForDeploymentPostprocessing = 0;
			shellPath = /bin/sh;
			shellScript = "\"${SRCROOT}/Pods/Target Support Files/Pods-Kinopoisk/Pods-Kinopoisk-resources.sh\"\n";
			showEnvVarsInLog = 0;
		};
/* End PBXShellScriptBuildPhase section */

/* Begin PBXSourcesBuildPhase section */
		2509DB731E51EDDE00DF053B /* Sources */ = {
			isa = PBXSourcesBuildPhase;
			buildActionMask = 2147483647;
			files = (
				2578DD651E5D8DD600737680 /* GIFEndpoint.m in Sources */,
				2578DD561E5D8D4100737680 /* UIView+CircularView.m in Sources */,
				2578DD6E1E5D8F6800737680 /* AppDelegate.m in Sources */,
				2578DD4F1E5D8CC300737680 /* CustomAvatar.m in Sources */,
				2578DD641E5D8DD600737680 /* AFHTTPSessionManager+ApiManager.m in Sources */,
				2578DD551E5D8D4100737680 /* NSString+SplitString.m in Sources */,
				2578DD781E5D8FB600737680 /* main.m in Sources */,
				2578DD5E1E5D8D9700737680 /* GIFNetworkManager.m in Sources */,
				2578DD6B1E5D8F5100737680 /* GIFCell.m in Sources */,
				2578DD501E5D8CC300737680 /* GIFSegmentedControl.m in Sources */,
				2578DD731E5D8F8F00737680 /* GIFModel.m in Sources */,
				2578DD591E5D8D7300737680 /* GIFRealmDataManager.m in Sources */,
				2578DD741E5D8F8F00737680 /* GIFUserModel.m in Sources */,
				2578DD5F1E5D8D9700737680 /* GIFUrlSessionDataTask.m in Sources */,
				2578DD681E5D8F3700737680 /* GIFMain.m in Sources */,
			);
			runOnlyForDeploymentPostprocessing = 0;
		};
/* End PBXSourcesBuildPhase section */

/* Begin XCBuildConfiguration section */
		2509DB8C1E51EDDE00DF053B /* Debug */ = {
			isa = XCBuildConfiguration;
			buildSettings = {
				ALWAYS_SEARCH_USER_PATHS = NO;
				CLANG_ANALYZER_NONNULL = YES;
				CLANG_CXX_LANGUAGE_STANDARD = "gnu++0x";
				CLANG_CXX_LIBRARY = "libc++";
				CLANG_ENABLE_MODULES = YES;
				CLANG_ENABLE_OBJC_ARC = YES;
				CLANG_WARN_BOOL_CONVERSION = YES;
				CLANG_WARN_CONSTANT_CONVERSION = YES;
				CLANG_WARN_DIRECT_OBJC_ISA_USAGE = YES_ERROR;
				CLANG_WARN_DOCUMENTATION_COMMENTS = YES;
				CLANG_WARN_EMPTY_BODY = YES;
				CLANG_WARN_ENUM_CONVERSION = YES;
				CLANG_WARN_INFINITE_RECURSION = YES;
				CLANG_WARN_INT_CONVERSION = YES;
				CLANG_WARN_OBJC_ROOT_CLASS = YES_ERROR;
				CLANG_WARN_SUSPICIOUS_MOVE = YES;
				CLANG_WARN_UNREACHABLE_CODE = YES;
				CLANG_WARN__DUPLICATE_METHOD_MATCH = YES;
				"CODE_SIGN_IDENTITY[sdk=iphoneos*]" = "iPhone Developer";
				COPY_PHASE_STRIP = NO;
				DEBUG_INFORMATION_FORMAT = dwarf;
				ENABLE_STRICT_OBJC_MSGSEND = YES;
				ENABLE_TESTABILITY = YES;
				GCC_C_LANGUAGE_STANDARD = gnu99;
				GCC_DYNAMIC_NO_PIC = NO;
				GCC_NO_COMMON_BLOCKS = YES;
				GCC_OPTIMIZATION_LEVEL = 0;
				GCC_PREPROCESSOR_DEFINITIONS = (
					"DEBUG=1",
					"$(inherited)",
				);
				GCC_WARN_64_TO_32_BIT_CONVERSION = YES;
				GCC_WARN_ABOUT_RETURN_TYPE = YES_ERROR;
				GCC_WARN_UNDECLARED_SELECTOR = YES;
				GCC_WARN_UNINITIALIZED_AUTOS = YES_AGGRESSIVE;
				GCC_WARN_UNUSED_FUNCTION = YES;
				GCC_WARN_UNUSED_VARIABLE = YES;
				IPHONEOS_DEPLOYMENT_TARGET = 10.2;
				MTL_ENABLE_DEBUG_INFO = YES;
				ONLY_ACTIVE_ARCH = YES;
				SDKROOT = iphoneos;
			};
			name = Debug;
		};
		2509DB8D1E51EDDE00DF053B /* Release */ = {
			isa = XCBuildConfiguration;
			buildSettings = {
				ALWAYS_SEARCH_USER_PATHS = NO;
				CLANG_ANALYZER_NONNULL = YES;
				CLANG_CXX_LANGUAGE_STANDARD = "gnu++0x";
				CLANG_CXX_LIBRARY = "libc++";
				CLANG_ENABLE_MODULES = YES;
				CLANG_ENABLE_OBJC_ARC = YES;
				CLANG_WARN_BOOL_CONVERSION = YES;
				CLANG_WARN_CONSTANT_CONVERSION = YES;
				CLANG_WARN_DIRECT_OBJC_ISA_USAGE = YES_ERROR;
				CLANG_WARN_DOCUMENTATION_COMMENTS = YES;
				CLANG_WARN_EMPTY_BODY = YES;
				CLANG_WARN_ENUM_CONVERSION = YES;
				CLANG_WARN_INFINITE_RECURSION = YES;
				CLANG_WARN_INT_CONVERSION = YES;
				CLANG_WARN_OBJC_ROOT_CLASS = YES_ERROR;
				CLANG_WARN_SUSPICIOUS_MOVE = YES;
				CLANG_WARN_UNREACHABLE_CODE = YES;
				CLANG_WARN__DUPLICATE_METHOD_MATCH = YES;
				"CODE_SIGN_IDENTITY[sdk=iphoneos*]" = "iPhone Developer";
				COPY_PHASE_STRIP = NO;
				DEBUG_INFORMATION_FORMAT = "dwarf-with-dsym";
				ENABLE_NS_ASSERTIONS = NO;
				ENABLE_STRICT_OBJC_MSGSEND = YES;
				GCC_C_LANGUAGE_STANDARD = gnu99;
				GCC_NO_COMMON_BLOCKS = YES;
				GCC_WARN_64_TO_32_BIT_CONVERSION = YES;
				GCC_WARN_ABOUT_RETURN_TYPE = YES_ERROR;
				GCC_WARN_UNDECLARED_SELECTOR = YES;
				GCC_WARN_UNINITIALIZED_AUTOS = YES_AGGRESSIVE;
				GCC_WARN_UNUSED_FUNCTION = YES;
				GCC_WARN_UNUSED_VARIABLE = YES;
				IPHONEOS_DEPLOYMENT_TARGET = 10.2;
				MTL_ENABLE_DEBUG_INFO = NO;
				SDKROOT = iphoneos;
				VALIDATE_PRODUCT = YES;
			};
			name = Release;
		};
		2509DB8F1E51EDDE00DF053B /* Debug */ = {
			isa = XCBuildConfiguration;
			baseConfigurationReference = 2D32CA1AC7102F43BA94DFE8 /* Pods-Kinopoisk.debug.xcconfig */;
			buildSettings = {
				ASSETCATALOG_COMPILER_APPICON_NAME = AppIcon;
				DEVELOPMENT_TEAM = UAKSUWEB24;
				INFOPLIST_FILE = "$(SRCROOT)/Kinopoisk/Supporting Files/Info.plist";
				LD_RUNPATH_SEARCH_PATHS = "$(inherited) @executable_path/Frameworks";
				PRODUCT_BUNDLE_IDENTIFIER = com.atamanskiy.GIFKA;
				PRODUCT_NAME = GIFKA;
			};
			name = Debug;
		};
		2509DB901E51EDDE00DF053B /* Release */ = {
			isa = XCBuildConfiguration;
			baseConfigurationReference = D23B5D59B2B1D1C67A33CCA2 /* Pods-Kinopoisk.release.xcconfig */;
			buildSettings = {
				ASSETCATALOG_COMPILER_APPICON_NAME = AppIcon;
				DEVELOPMENT_TEAM = UAKSUWEB24;
				INFOPLIST_FILE = "$(SRCROOT)/Kinopoisk/Supporting Files/Info.plist";
				LD_RUNPATH_SEARCH_PATHS = "$(inherited) @executable_path/Frameworks";
				PRODUCT_BUNDLE_IDENTIFIER = com.atamanskiy.GIFKA;
				PRODUCT_NAME = GIFKA;
			};
			name = Release;
		};
/* End XCBuildConfiguration section */

/* Begin XCConfigurationList section */
		2509DB721E51EDDE00DF053B /* Build configuration list for PBXProject "GIFKA" */ = {
			isa = XCConfigurationList;
			buildConfigurations = (
				2509DB8C1E51EDDE00DF053B /* Debug */,
				2509DB8D1E51EDDE00DF053B /* Release */,
			);
			defaultConfigurationIsVisible = 0;
			defaultConfigurationName = Release;
		};
		2509DB8E1E51EDDE00DF053B /* Build configuration list for PBXNativeTarget "Kinopoisk" */ = {
			isa = XCConfigurationList;
			buildConfigurations = (
				2509DB8F1E51EDDE00DF053B /* Debug */,
				2509DB901E51EDDE00DF053B /* Release */,
			);
			defaultConfigurationIsVisible = 0;
			defaultConfigurationName = Release;
		};
/* End XCConfigurationList section */
	};
	rootObject = 2509DB6F1E51EDDE00DF053B /* Project object */;
}
